
Microsoft Visual Studio Solution File, Format Version 12.00
# Visual Studio Version 16
VisualStudioVersion = 16.0.30413.136
MinimumVisualStudioVersion = 10.0.40219.1
Project("{FAE04EC0-301F-11D3-BF4B-00C04F79EFBC}") = "AVAS - Air vehicle accounting system", "AVAS - Air vehicle accounting system\AVAS - Air vehicle accounting system.csproj", "{E956D030-5414-4088-9659-C9770802256B}"
EndProject
Global
	GlobalSection(SolutionConfigurationPlatforms) = preSolution
		Debug|Any CPU = Debug|Any CPU
		Release|Any CPU = Release|Any CPU
	EndGlobalSection
	GlobalSection(ProjectConfigurationPlatforms) = postSolution
		{E956D030-5414-4088-9659-C9770802256B}.Debug|Any CPU.ActiveCfg = Debug|Any CPU
		{E956D030-5414-4088-9659-C9770802256B}.Debug|Any CPU.Build.0 = Debug|Any CPU
		{E956D030-5414-4088-9659-C9770802256B}.Release|Any CPU.ActiveCfg = Release|Any CPU
		{E956D030-5414-4088-9659-C9770802256B}.Release|Any CPU.Build.0 = Release|Any CPU
	EndGlobalSection
	GlobalSection(SolutionProperties) = preSolution
		HideSolutionNode = FALSE
	EndGlobalSection
	GlobalSection(ExtensibilityGlobals) = postSolution
		SolutionGuid = {3B4514FA-3D0B-4EE9-B8FC-B3BB3F27C783}
	EndGlobalSection
EndGlobal
